
Microsoft Visual Studio Solution File, Format Version 12.00
# Visual Studio 15
VisualStudioVersion = 15.0.27428.2002
MinimumVisualStudioVersion = 10.0.40219.1
Project("{FAE04EC0-301F-11D3-BF4B-00C04F79EFBC}") = "Day13-14Tasks1-4", "Day13-14Tasks1-4\Day13-14Tasks1-4.csproj", "{4071E17E-FB36-438E-978D-0C7D318A30E0}"
EndProject
Project("{FAE04EC0-301F-11D3-BF4B-00C04F79EFBC}") = "Day13-14Tasks1-4.Tests", "Day13-14Tasks1-4.Tests\Day13-14Tasks1-4.Tests.csproj", "{47CE642C-DA46-4BAE-B29B-70632F0A895A}"
EndProject
Project("{FAE04EC0-301F-11D3-BF4B-00C04F79EFBC}") = "CountdownUI", "CountdownUI\CountdownUI.csproj", "{AFFDF05B-4003-476A-9541-FE740503E0C9}"
EndProject
Global
	GlobalSection(SolutionConfigurationPlatforms) = preSolution
		Debug|Any CPU = Debug|Any CPU
		Release|Any CPU = Release|Any CPU
	EndGlobalSection
	GlobalSection(ProjectConfigurationPlatforms) = postSolution
		{4071E17E-FB36-438E-978D-0C7D318A30E0}.Debug|Any CPU.ActiveCfg = Debug|Any CPU
		{4071E17E-FB36-438E-978D-0C7D318A30E0}.Debug|Any CPU.Build.0 = Debug|Any CPU
		{4071E17E-FB36-438E-978D-0C7D318A30E0}.Release|Any CPU.ActiveCfg = Release|Any CPU
		{4071E17E-FB36-438E-978D-0C7D318A30E0}.Release|Any CPU.Build.0 = Release|Any CPU
		{47CE642C-DA46-4BAE-B29B-70632F0A895A}.Debug|Any CPU.ActiveCfg = Debug|Any CPU
		{47CE642C-DA46-4BAE-B29B-70632F0A895A}.Debug|Any CPU.Build.0 = Debug|Any CPU
		{47CE642C-DA46-4BAE-B29B-70632F0A895A}.Release|Any CPU.ActiveCfg = Release|Any CPU
		{47CE642C-DA46-4BAE-B29B-70632F0A895A}.Release|Any CPU.Build.0 = Release|Any CPU
		{AFFDF05B-4003-476A-9541-FE740503E0C9}.Debug|Any CPU.ActiveCfg = Debug|Any CPU
		{AFFDF05B-4003-476A-9541-FE740503E0C9}.Debug|Any CPU.Build.0 = Debug|Any CPU
		{AFFDF05B-4003-476A-9541-FE740503E0C9}.Release|Any CPU.ActiveCfg = Release|Any CPU
		{AFFDF05B-4003-476A-9541-FE740503E0C9}.Release|Any CPU.Build.0 = Release|Any CPU
	EndGlobalSection
	GlobalSection(SolutionProperties) = preSolution
		HideSolutionNode = FALSE
	EndGlobalSection
	GlobalSection(ExtensibilityGlobals) = postSolution
		SolutionGuid = {7A080D3D-33B4-40F5-B7DE-E78BD4B4B260}
	EndGlobalSection
EndGlobal
